
Microsoft Visual Studio Solution File, Format Version 12.00
# Visual Studio Version 16
VisualStudioVersion = 16.0.30907.101
MinimumVisualStudioVersion = 10.0.40219.1
Project("{FAE04EC0-301F-11D3-BF4B-00C04F79EFBC}") = "PdfORC", "PdfORC\PdfORC.csproj", "{DAFA8135-AA9D-49B5-BE54-16A1CA678016}"
EndProject
Global
	GlobalSection(SolutionConfigurationPlatforms) = preSolution
		Debug|Any CPU = Debug|Any CPU
		Release|Any CPU = Release|Any CPU
	EndGlobalSection
	GlobalSection(ProjectConfigurationPlatforms) = postSolution
		{DAFA8135-AA9D-49B5-BE54-16A1CA678016}.Debug|Any CPU.ActiveCfg = Debug|Any CPU
		{DAFA8135-AA9D-49B5-BE54-16A1CA678016}.Debug|Any CPU.Build.0 = Debug|Any CPU
		{DAFA8135-AA9D-49B5-BE54-16A1CA678016}.Release|Any CPU.ActiveCfg = Release|Any CPU
		{DAFA8135-AA9D-49B5-BE54-16A1CA678016}.Release|Any CPU.Build.0 = Release|Any CPU
	EndGlobalSection
	GlobalSection(SolutionProperties) = preSolution
		HideSolutionNode = FALSE
	EndGlobalSection
	GlobalSection(ExtensibilityGlobals) = postSolution
		SolutionGuid = {4795F488-174B-4E35-86CC-27F36B273B27}
	EndGlobalSection
EndGlobal
